
Microsoft Visual Studio Solution File, Format Version 12.00
# Visual Studio Version 16
VisualStudioVersion = 16.0.28803.202
MinimumVisualStudioVersion = 10.0.40219.1
Project("{FAE04EC0-301F-11D3-BF4B-00C04F79EFBC}") = "homework3", "homework3\homework3.csproj", "{FDAB1A4A-722D-43F2-B3AE-68747B672A33}"
EndProject
Global
	GlobalSection(SolutionConfigurationPlatforms) = preSolution
		Debug|Any CPU = Debug|Any CPU
		Release|Any CPU = Release|Any CPU
	EndGlobalSection
	GlobalSection(ProjectConfigurationPlatforms) = postSolution
		{FDAB1A4A-722D-43F2-B3AE-68747B672A33}.Debug|Any CPU.ActiveCfg = Debug|Any CPU
		{FDAB1A4A-722D-43F2-B3AE-68747B672A33}.Debug|Any CPU.Build.0 = Debug|Any CPU
		{FDAB1A4A-722D-43F2-B3AE-68747B672A33}.Release|Any CPU.ActiveCfg = Release|Any CPU
		{FDAB1A4A-722D-43F2-B3AE-68747B672A33}.Release|Any CPU.Build.0 = Release|Any CPU
	EndGlobalSection
	GlobalSection(SolutionProperties) = preSolution
		HideSolutionNode = FALSE
	EndGlobalSection
	GlobalSection(ExtensibilityGlobals) = postSolution
		SolutionGuid = {477DE43B-66B8-4D8A-B3AF-FCF98FCCFF14}
	EndGlobalSection
EndGlobal
